
Microsoft Visual Studio Solution File, Format Version 12.00
# Visual Studio Version 16
VisualStudioVersion = 16.0.31025.194
MinimumVisualStudioVersion = 10.0.40219.1
Project("{2150E333-8FDC-42A3-9474-1A3956D46DE8}") = "Assets", "Assets", "{4AC5FDDF-F9BC-4CEF-90FD-7FD2B3C04B2E}"
	ProjectSection(SolutionItems) = preProject
		.editorconfig = .editorconfig
		.gitignore = .gitignore
		appveyor.yml = appveyor.yml
		build.cake = build.cake
		build.ps1 = build.ps1
		README.md = README.md
	EndProjectSection
EndProject
Project("{9A19103F-16F7-4668-BE54-9A1E7A4F7556}") = "Yaapii.Pulse", "src\Yaapii.Pulse\Yaapii.Pulse.csproj", "{744E71A3-FF04-49C8-A2E9-C6582F3FFBE7}"
EndProject
Project("{9A19103F-16F7-4668-BE54-9A1E7A4F7556}") = "Test.Yaapii.Pulse", "tests\Test.Yaapii.Pulse\Test.Yaapii.Pulse.csproj", "{62F3E77A-7641-4F7B-815A-F47A96C348CB}"
EndProject
Global
	GlobalSection(SolutionConfigurationPlatforms) = preSolution
		Debug|Any CPU = Debug|Any CPU
		Release|Any CPU = Release|Any CPU
	EndGlobalSection
	GlobalSection(ProjectConfigurationPlatforms) = postSolution
		{744E71A3-FF04-49C8-A2E9-C6582F3FFBE7}.Debug|Any CPU.ActiveCfg = Debug|Any CPU
		{744E71A3-FF04-49C8-A2E9-C6582F3FFBE7}.Debug|Any CPU.Build.0 = Debug|Any CPU
		{744E71A3-FF04-49C8-A2E9-C6582F3FFBE7}.Release|Any CPU.ActiveCfg = Release|Any CPU
		{744E71A3-FF04-49C8-A2E9-C6582F3FFBE7}.Release|Any CPU.Build.0 = Release|Any CPU
		{62F3E77A-7641-4F7B-815A-F47A96C348CB}.Debug|Any CPU.ActiveCfg = Debug|Any CPU
		{62F3E77A-7641-4F7B-815A-F47A96C348CB}.Debug|Any CPU.Build.0 = Debug|Any CPU
		{62F3E77A-7641-4F7B-815A-F47A96C348CB}.Release|Any CPU.ActiveCfg = Release|Any CPU
		{62F3E77A-7641-4F7B-815A-F47A96C348CB}.Release|Any CPU.Build.0 = Release|Any CPU
	EndGlobalSection
	GlobalSection(SolutionProperties) = preSolution
		HideSolutionNode = FALSE
	EndGlobalSection
	GlobalSection(ExtensibilityGlobals) = postSolution
		SolutionGuid = {75BCCB02-13B0-48A2-81AD-F02C85FD74C3}
	EndGlobalSection
EndGlobal
